
Microsoft Visual Studio Solution File, Format Version 12.00
# Visual Studio Version 17
VisualStudioVersion = 17.13.35931.197 d17.13
MinimumVisualStudioVersion = 10.0.40219.1
Project("{FAE04EC0-301F-11D3-BF4B-00C04F79EFBC}") = "WeatherApiJson", "WeatherApiJson.csproj", "{5FD4DCDA-E1CE-45FE-854A-F8FCBCF7B316}"
EndProject
Global
	GlobalSection(SolutionConfigurationPlatforms) = preSolution
		Debug|Any CPU = Debug|Any CPU
		Release|Any CPU = Release|Any CPU
	EndGlobalSection
	GlobalSection(ProjectConfigurationPlatforms) = postSolution
		{5FD4DCDA-E1CE-45FE-854A-F8FCBCF7B316}.Debug|Any CPU.ActiveCfg = Debug|Any CPU
		{5FD4DCDA-E1CE-45FE-854A-F8FCBCF7B316}.Debug|Any CPU.Build.0 = Debug|Any CPU
		{5FD4DCDA-E1CE-45FE-854A-F8FCBCF7B316}.Release|Any CPU.ActiveCfg = Release|Any CPU
		{5FD4DCDA-E1CE-45FE-854A-F8FCBCF7B316}.Release|Any CPU.Build.0 = Release|Any CPU
	EndGlobalSection
	GlobalSection(SolutionProperties) = preSolution
		HideSolutionNode = FALSE
	EndGlobalSection
	GlobalSection(ExtensibilityGlobals) = postSolution
		SolutionGuid = {A5056DCF-705B-4795-AE43-9F2DCB019E52}
	EndGlobalSection
EndGlobal
